%{
  "briefly": {:hex, :briefly, "0.5.1", "ee10d48da7f79ed2aebdc3e536d5f9a0c3e36ff76c0ad0d4254653a152b13a8a", [:mix], [], "hexpm", "bd684aa92ad8b7b4e0d92c31200993c4bc1469fc68cd6d5f15144041bd15cb57"},
  "bypass": {:hex, :bypass, "2.1.0", "909782781bf8e20ee86a9cabde36b259d44af8b9f38756173e8f5e2e1fabb9b1", [:mix], [{:plug, "~> 1.7", [hex: :plug, repo: "hexpm", optional: false]}, {:plug_cowboy, "~> 2.0", [hex: :plug_cowboy, repo: "hexpm", optional: false]}, {:ranch, "~> 1.3", [hex: :ranch, repo: "hexpm", optional: false]}], "hexpm", "d9b5df8fa5b7a6efa08384e9bbecfe4ce61c77d28a4282f79e02f1ef78d96b80"},
  "certifi": {:hex, :certifi, "2.14.0", "ed3bef654e69cde5e6c022df8070a579a79e8ba2368a00acf3d75b82d9aceeed", [:rebar3], [], "hexpm", "ea59d87ef89da429b8e905264fdec3419f84f2215bb3d81e07a18aac919026c3"},
  "combine": {:hex, :combine, "0.10.0", "eff8224eeb56498a2af13011d142c5e7997a80c8f5b97c499f84c841032e429f", [:mix], [], "hexpm", "1b1dbc1790073076580d0d1d64e42eae2366583e7aecd455d1215b0d16f2451b"},
  "cowboy": {:hex, :cowboy, "2.13.0", "09d770dd5f6a22cc60c071f432cd7cb87776164527f205c5a6b0f24ff6b38990", [:make, :rebar3], [{:cowlib, ">= 2.14.0 and < 3.0.0", [hex: :cowlib, repo: "hexpm", optional: false]}, {:ranch, ">= 1.8.0 and < 3.0.0", [hex: :ranch, repo: "hexpm", optional: false]}], "hexpm", "e724d3a70995025d654c1992c7b11dbfea95205c047d86ff9bf1cda92ddc5614"},
  "cowboy_telemetry": {:hex, :cowboy_telemetry, "0.4.0", "f239f68b588efa7707abce16a84d0d2acf3a0f50571f8bb7f56a15865aae820c", [:rebar3], [{:cowboy, "~> 2.7", [hex: :cowboy, repo: "hexpm", optional: false]}, {:telemetry, "~> 1.0", [hex: :telemetry, repo: "hexpm", optional: false]}], "hexpm", "7d98bac1ee4565d31b62d59f8823dfd8356a169e7fcbb83831b8a5397404c9de"},
  "cowlib": {:hex, :cowlib, "2.15.0", "3c97a318a933962d1c12b96ab7c1d728267d2c523c25a5b57b0f93392b6e9e25", [:make, :rebar3], [], "hexpm", "4f00c879a64b4fe7c8fcb42a4281925e9ffdb928820b03c3ad325a617e857532"},
  "dialyxir": {:hex, :dialyxir, "1.1.0", "c5aab0d6e71e5522e77beff7ba9e08f8e02bad90dfbeffae60eaf0cb47e29488", [:mix], [{:erlex, ">= 0.2.6", [hex: :erlex, repo: "hexpm", optional: false]}], "hexpm", "07ea8e49c45f15264ebe6d5b93799d4dd56a44036cf42d0ad9c960bc266c0b9a"},
  "earmark_parser": {:hex, :earmark_parser, "1.4.44", "f20830dd6b5c77afe2b063777ddbbff09f9759396500cdbe7523efd58d7a339c", [:mix], [], "hexpm", "4778ac752b4701a5599215f7030989c989ffdc4f6df457c5f36938cc2d2a2750"},
  "erlex": {:hex, :erlex, "0.2.7", "810e8725f96ab74d17aac676e748627a07bc87eb950d2b83acd29dc047a30595", [:mix], [], "hexpm", "3ed95f79d1a844c3f6bf0cea61e0d5612a42ce56da9c03f01df538685365efb0"},
  "ex_doc": {:hex, :ex_doc, "0.24.2", "e4c26603830c1a2286dae45f4412a4d1980e1e89dc779fcd0181ed1d5a05c8d9", [:mix], [{:earmark_parser, "~> 1.4.0", [hex: :earmark_parser, repo: "hexpm", optional: false]}, {:makeup_elixir, "~> 0.14", [hex: :makeup_elixir, repo: "hexpm", optional: false]}, {:makeup_erlang, "~> 0.1", [hex: :makeup_erlang, repo: "hexpm", optional: false]}], "hexpm", "e134e1d9e821b8d9e4244687fb2ace58d479b67b282de5158333b0d57c6fb7da"},
  "expo": {:hex, :expo, "1.1.0", "f7b9ed7fb5745ebe1eeedf3d6f29226c5dd52897ac67c0f8af62a07e661e5c75", [:mix], [], "hexpm", "fbadf93f4700fb44c331362177bdca9eeb8097e8b0ef525c9cc501cb9917c960"},
  "gettext": {:hex, :gettext, "0.26.2", "5978aa7b21fada6deabf1f6341ddba50bc69c999e812211903b169799208f2a8", [:mix], [{:expo, "~> 0.5.1 or ~> 1.0", [hex: :expo, repo: "hexpm", optional: false]}], "hexpm", "aa978504bcf76511efdc22d580ba08e2279caab1066b76bb9aa81c4a1e0a32a5"},
  "hackney": {:hex, :hackney, "1.23.0", "55cc09077112bcb4a69e54be46ed9bc55537763a96cd4a80a221663a7eafd767", [:rebar3], [{:certifi, "~> 2.14.0", [hex: :certifi, repo: "hexpm", optional: false]}, {:idna, "~> 6.1.0", [hex: :idna, repo: "hexpm", optional: false]}, {:metrics, "~> 1.0.0", [hex: :metrics, repo: "hexpm", optional: false]}, {:mimerl, "~> 1.1", [hex: :mimerl, repo: "hexpm", optional: false]}, {:parse_trans, "3.4.1", [hex: :parse_trans, repo: "hexpm", optional: false]}, {:ssl_verify_fun, "~> 1.1.0", [hex: :ssl_verify_fun, repo: "hexpm", optional: false]}, {:unicode_util_compat, "~> 0.7.0", [hex: :unicode_util_compat, repo: "hexpm", optional: false]}], "hexpm", "6cd1c04cd15c81e5a493f167b226a15f0938a84fc8f0736ebe4ddcab65c0b44e"},
  "httpoison": {:hex, :httpoison, "2.2.3", "a599d4b34004cc60678999445da53b5e653630651d4da3d14675fedc9dd34bd6", [:mix], [{:hackney, "~> 1.21", [hex: :hackney, repo: "hexpm", optional: false]}], "hexpm", "fa0f2e3646d3762fdc73edb532104c8619c7636a6997d20af4003da6cfc53e53"},
  "idna": {:hex, :idna, "6.1.1", "8a63070e9f7d0c62eb9d9fcb360a7de382448200fbbd1b106cc96d3d8099df8d", [:rebar3], [{:unicode_util_compat, "~> 0.7.0", [hex: :unicode_util_compat, repo: "hexpm", optional: false]}], "hexpm", "92376eb7894412ed19ac475e4a86f7b413c1b9fbb5bd16dccd57934157944cea"},
  "makeup": {:hex, :makeup, "1.2.1", "e90ac1c65589ef354378def3ba19d401e739ee7ee06fb47f94c687016e3713d1", [:mix], [{:nimble_parsec, "~> 1.4", [hex: :nimble_parsec, repo: "hexpm", optional: false]}], "hexpm", "d36484867b0bae0fea568d10131197a4c2e47056a6fbe84922bf6ba71c8d17ce"},
  "makeup_elixir": {:hex, :makeup_elixir, "0.16.2", "627e84b8e8bf22e60a2579dad15067c755531fea049ae26ef1020cad58fe9578", [:mix], [{:makeup, "~> 1.0", [hex: :makeup, repo: "hexpm", optional: false]}, {:nimble_parsec, "~> 1.2.3 or ~> 1.3", [hex: :nimble_parsec, repo: "hexpm", optional: false]}], "hexpm", "41193978704763f6bbe6cc2758b84909e62984c7752b3784bd3c218bb341706b"},
  "makeup_erlang": {:hex, :makeup_erlang, "0.1.5", "e0ff5a7c708dda34311f7522a8758e23bfcd7d8d8068dc312b5eb41c6fd76eba", [:mix], [{:makeup, "~> 1.0", [hex: :makeup, repo: "hexpm", optional: false]}], "hexpm", "94d2e986428585a21516d7d7149781480013c56e30c6a233534bedf38867a59a"},
  "metrics": {:hex, :metrics, "1.0.1", "25f094dea2cda98213cecc3aeff09e940299d950904393b2a29d191c346a8486", [:rebar3], [], "hexpm", "69b09adddc4f74a40716ae54d140f93beb0fb8978d8636eaded0c31b6f099f16"},
  "mime": {:hex, :mime, "2.0.7", "b8d739037be7cd402aee1ba0306edfdef982687ee7e9859bee6198c1e7e2f128", [:mix], [], "hexpm", "6171188e399ee16023ffc5b76ce445eb6d9672e2e241d2df6050f3c771e80ccd"},
  "mimerl": {:hex, :mimerl, "1.3.0", "d0cd9fc04b9061f82490f6581e0128379830e78535e017f7780f37fea7545726", [:rebar3], [], "hexpm", "a1e15a50d1887217de95f0b9b0793e32853f7c258a5cd227650889b38839fe9d"},
  "mox": {:hex, :mox, "1.0.2", "dc2057289ac478b35760ba74165b4b3f402f68803dd5aecd3bfd19c183815d64", [:mix], [], "hexpm", "f9864921b3aaf763c8741b5b8e6f908f44566f1e427b2630e89e9a73b981fef2"},
  "nimble_parsec": {:hex, :nimble_parsec, "1.4.2", "8efba0122db06df95bfaa78f791344a89352ba04baedd3849593bfce4d0dc1c6", [:mix], [], "hexpm", "4b21398942dda052b403bbe1da991ccd03a053668d147d53fb8c4e0efe09c973"},
  "parse_trans": {:hex, :parse_trans, "3.4.1", "6e6aa8167cb44cc8f39441d05193be6e6f4e7c2946cb2759f015f8c56b76e5ff", [:rebar3], [], "hexpm", "620a406ce75dada827b82e453c19cf06776be266f5a67cff34e1ef2cbb60e49a"},
  "plug": {:hex, :plug, "1.17.0", "a0832e7af4ae0f4819e0c08dd2e7482364937aea6a8a997a679f2cbb7e026b2e", [:mix], [{:mime, "~> 1.0 or ~> 2.0", [hex: :mime, repo: "hexpm", optional: false]}, {:plug_crypto, "~> 1.1.1 or ~> 1.2 or ~> 2.0", [hex: :plug_crypto, repo: "hexpm", optional: false]}, {:telemetry, "~> 0.4.3 or ~> 1.0", [hex: :telemetry, repo: "hexpm", optional: false]}], "hexpm", "f6692046652a69a00a5a21d0b7e11fcf401064839d59d6b8787f23af55b1e6bc"},
  "plug_cowboy": {:hex, :plug_cowboy, "2.7.3", "1304d36752e8bdde213cea59ef424ca932910a91a07ef9f3874be709c4ddb94b", [:mix], [{:cowboy, "~> 2.7", [hex: :cowboy, repo: "hexpm", optional: false]}, {:cowboy_telemetry, "~> 0.3", [hex: :cowboy_telemetry, repo: "hexpm", optional: false]}, {:plug, "~> 1.14", [hex: :plug, repo: "hexpm", optional: false]}], "hexpm", "77c95524b2aa5364b247fa17089029e73b951ebc1adeef429361eab0bb55819d"},
  "plug_crypto": {:hex, :plug_crypto, "2.1.1", "19bda8184399cb24afa10be734f84a16ea0a2bc65054e23a62bb10f06bc89491", [:mix], [], "hexpm", "6470bce6ffe41c8bd497612ffde1a7e4af67f36a15eea5f921af71cf3e11247c"},
  "ranch": {:hex, :ranch, "1.8.1", "208169e65292ac5d333d6cdbad49388c1ae198136e4697ae2f474697140f201c", [:make, :rebar3], [], "hexpm", "aed58910f4e21deea992a67bf51632b6d60114895eb03bb392bb733064594dd0"},
  "ssl_verify_fun": {:hex, :ssl_verify_fun, "1.1.7", "354c321cf377240c7b8716899e182ce4890c5938111a1296add3ec74cf1715df", [:make, :mix, :rebar3], [], "hexpm", "fe4c190e8f37401d30167c8c405eda19469f34577987c76dde613e838bbc67f8"},
  "stream_data": {:hex, :stream_data, "0.5.0", "b27641e58941685c75b353577dc602c9d2c12292dd84babf506c2033cd97893e", [:mix], [], "hexpm", "012bd2eec069ada4db3411f9115ccafa38540a3c78c4c0349f151fc761b9e271"},
  "teamcity_formatter": {:git, "https://github.com/prook/teamcity_formatter.git", "b3a68881b74de8cdc18cda1734913846697bc910", []},
  "telemetry": {:hex, :telemetry, "1.3.0", "fedebbae410d715cf8e7062c96a1ef32ec22e764197f70cda73d82778d61e7a2", [:rebar3], [], "hexpm", "7015fc8919dbe63764f4b4b87a95b7c0996bd539e0d499be6ec9d7f3875b79e6"},
  "timex": {:hex, :timex, "3.7.11", "bb95cb4eb1d06e27346325de506bcc6c30f9c6dea40d1ebe390b262fad1862d1", [:mix], [{:combine, "~> 0.10", [hex: :combine, repo: "hexpm", optional: false]}, {:gettext, "~> 0.20", [hex: :gettext, repo: "hexpm", optional: false]}, {:tzdata, "~> 1.1", [hex: :tzdata, repo: "hexpm", optional: false]}], "hexpm", "8b9024f7efbabaf9bd7aa04f65cf8dcd7c9818ca5737677c7b76acbc6a94d1aa"},
  "tzdata": {:hex, :tzdata, "1.1.3", "b1cef7bb6de1de90d4ddc25d33892b32830f907e7fc2fccd1e7e22778ab7dfbc", [:mix], [{:hackney, "~> 1.17", [hex: :hackney, repo: "hexpm", optional: false]}], "hexpm", "d4ca85575a064d29d4e94253ee95912edfb165938743dbf002acdf0dcecb0c28"},
  "unicode_util_compat": {:hex, :unicode_util_compat, "0.7.0", "bc84380c9ab48177092f43ac89e4dfa2c6d62b40b8bd132b1059ecc7232f9a78", [:rebar3], [], "hexpm", "25eee6d67df61960cf6a794239566599b09e17e668d3700247bc498638152521"},
}
